
Microsoft Visual Studio Solution File, Format Version 12.00
# Visual Studio Version 17
VisualStudioVersion = 17.13.35913.81 d17.13
MinimumVisualStudioVersion = 10.0.40219.1
Project("{FAE04EC0-301F-11D3-BF4B-00C04F79EFBC}") = "arabakiralama", "arabakiralama\arabakiralama.csproj", "{74C9DA94-9EF2-4449-8893-6B9828E96AF8}"
EndProject
Global
	GlobalSection(SolutionConfigurationPlatforms) = preSolution
		Debug|Any CPU = Debug|Any CPU
		Release|Any CPU = Release|Any CPU
	EndGlobalSection
	GlobalSection(ProjectConfigurationPlatforms) = postSolution
		{74C9DA94-9EF2-4449-8893-6B9828E96AF8}.Debug|Any CPU.ActiveCfg = Debug|Any CPU
		{74C9DA94-9EF2-4449-8893-6B9828E96AF8}.Debug|Any CPU.Build.0 = Debug|Any CPU
		{74C9DA94-9EF2-4449-8893-6B9828E96AF8}.Release|Any CPU.ActiveCfg = Release|Any CPU
		{74C9DA94-9EF2-4449-8893-6B9828E96AF8}.Release|Any CPU.Build.0 = Release|Any CPU
	EndGlobalSection
	GlobalSection(SolutionProperties) = preSolution
		HideSolutionNode = FALSE
	EndGlobalSection
	GlobalSection(ExtensibilityGlobals) = postSolution
		SolutionGuid = {69DFEF7E-6B38-467C-9C07-53F9E89224B2}
	EndGlobalSection
EndGlobal
